
Microsoft Visual Studio Solution File, Format Version 12.00
# Visual Studio Version 17
VisualStudioVersion = 17.3.32929.385
MinimumVisualStudioVersion = 10.0.40219.1
Project("{FAE04EC0-301F-11D3-BF4B-00C04F79EFBC}") = "RentProperty", "RentProperty\RentProperty.csproj", "{81D7731D-91F9-495C-A5F9-DB75C0B19D6A}"
EndProject
Global
	GlobalSection(SolutionConfigurationPlatforms) = preSolution
		Debug|Any CPU = Debug|Any CPU
		Release|Any CPU = Release|Any CPU
	EndGlobalSection
	GlobalSection(ProjectConfigurationPlatforms) = postSolution
		{81D7731D-91F9-495C-A5F9-DB75C0B19D6A}.Debug|Any CPU.ActiveCfg = Debug|Any CPU
		{81D7731D-91F9-495C-A5F9-DB75C0B19D6A}.Debug|Any CPU.Build.0 = Debug|Any CPU
		{81D7731D-91F9-495C-A5F9-DB75C0B19D6A}.Release|Any CPU.ActiveCfg = Release|Any CPU
		{81D7731D-91F9-495C-A5F9-DB75C0B19D6A}.Release|Any CPU.Build.0 = Release|Any CPU
	EndGlobalSection
	GlobalSection(SolutionProperties) = preSolution
		HideSolutionNode = FALSE
	EndGlobalSection
	GlobalSection(ExtensibilityGlobals) = postSolution
		SolutionGuid = {7ADC1CA3-B988-4EBF-B542-4877F062D12F}
	EndGlobalSection
EndGlobal
